
Microsoft Visual Studio Solution File, Format Version 12.00
# Visual Studio Version 17
VisualStudioVersion = 17.4.33213.308
MinimumVisualStudioVersion = 10.0.40219.1
Project("{9A19103F-16F7-4668-BE54-9A1E7A4F7556}") = "Lab3_Part2_Interface", "Lab3_Part2_Interface.csproj", "{3607526A-167D-435B-874C-C4CC03C7024D}"
EndProject
Project("{FAE04EC0-301F-11D3-BF4B-00C04F79EFBC}") = "Lab3_Part1_Abstract", "..\Lab3_Part1_Abstract\Lab3_Part1_Abstract.csproj", "{65451F58-443F-4A3C-985A-844B4E8DBE0F}"
EndProject
Global
	GlobalSection(SolutionConfigurationPlatforms) = preSolution
		Debug|Any CPU = Debug|Any CPU
		Release|Any CPU = Release|Any CPU
	EndGlobalSection
	GlobalSection(ProjectConfigurationPlatforms) = postSolution
		{3607526A-167D-435B-874C-C4CC03C7024D}.Debug|Any CPU.ActiveCfg = Debug|Any CPU
		{3607526A-167D-435B-874C-C4CC03C7024D}.Debug|Any CPU.Build.0 = Debug|Any CPU
		{3607526A-167D-435B-874C-C4CC03C7024D}.Release|Any CPU.ActiveCfg = Release|Any CPU
		{3607526A-167D-435B-874C-C4CC03C7024D}.Release|Any CPU.Build.0 = Release|Any CPU
		{65451F58-443F-4A3C-985A-844B4E8DBE0F}.Debug|Any CPU.ActiveCfg = Debug|Any CPU
		{65451F58-443F-4A3C-985A-844B4E8DBE0F}.Debug|Any CPU.Build.0 = Debug|Any CPU
		{65451F58-443F-4A3C-985A-844B4E8DBE0F}.Release|Any CPU.ActiveCfg = Release|Any CPU
		{65451F58-443F-4A3C-985A-844B4E8DBE0F}.Release|Any CPU.Build.0 = Release|Any CPU
	EndGlobalSection
	GlobalSection(SolutionProperties) = preSolution
		HideSolutionNode = FALSE
	EndGlobalSection
	GlobalSection(ExtensibilityGlobals) = postSolution
		SolutionGuid = {45AEBA09-2100-4E06-B987-3A8279A50810}
	EndGlobalSection
EndGlobal
